
Microsoft Visual Studio Solution File, Format Version 12.00
# Visual Studio 14
VisualStudioVersion = 14.0.25123.0
MinimumVisualStudioVersion = 10.0.40219.1
Project("{F184B08F-C81C-45F6-A57F-5ABD9991F28F}") = "msgUC", "msgUC\msgUC.vbproj", "{50B11A0C-A059-4C9B-A88A-804AF8AED20A}"
EndProject
Global
	GlobalSection(SolutionConfigurationPlatforms) = preSolution
		Debug|Any CPU = Debug|Any CPU
		Release|Any CPU = Release|Any CPU
	EndGlobalSection
	GlobalSection(ProjectConfigurationPlatforms) = postSolution
		{50B11A0C-A059-4C9B-A88A-804AF8AED20A}.Debug|Any CPU.ActiveCfg = Debug|Any CPU
		{50B11A0C-A059-4C9B-A88A-804AF8AED20A}.Debug|Any CPU.Build.0 = Debug|Any CPU
		{50B11A0C-A059-4C9B-A88A-804AF8AED20A}.Release|Any CPU.ActiveCfg = Release|Any CPU
		{50B11A0C-A059-4C9B-A88A-804AF8AED20A}.Release|Any CPU.Build.0 = Release|Any CPU
	EndGlobalSection
	GlobalSection(SolutionProperties) = preSolution
		HideSolutionNode = FALSE
	EndGlobalSection
EndGlobal
